
Microsoft Visual Studio Solution File, Format Version 12.00
# Visual Studio Version 16
VisualStudioVersion = 16.0.31624.102
MinimumVisualStudioVersion = 10.0.40219.1
Project("{FAE04EC0-301F-11D3-BF4B-00C04F79EFBC}") = "MvcMovie", "MvcMovie.csproj", "{37242B86-662F-4583-9F06-E3A785F6C1CC}"
EndProject
Global
	GlobalSection(SolutionConfigurationPlatforms) = preSolution
		Debug|Any CPU = Debug|Any CPU
		Release|Any CPU = Release|Any CPU
	EndGlobalSection
	GlobalSection(ProjectConfigurationPlatforms) = postSolution
		{37242B86-662F-4583-9F06-E3A785F6C1CC}.Debug|Any CPU.ActiveCfg = Debug|Any CPU
		{37242B86-662F-4583-9F06-E3A785F6C1CC}.Debug|Any CPU.Build.0 = Debug|Any CPU
		{37242B86-662F-4583-9F06-E3A785F6C1CC}.Release|Any CPU.ActiveCfg = Release|Any CPU
		{37242B86-662F-4583-9F06-E3A785F6C1CC}.Release|Any CPU.Build.0 = Release|Any CPU
	EndGlobalSection
	GlobalSection(SolutionProperties) = preSolution
		HideSolutionNode = FALSE
	EndGlobalSection
	GlobalSection(ExtensibilityGlobals) = postSolution
		SolutionGuid = {F41A5556-A185-4226-AC33-120D8A374B4B}
	EndGlobalSection
EndGlobal
